
Microsoft Visual Studio Solution File, Format Version 12.00
# Visual Studio Version 17
VisualStudioVersion = 17.9.34728.123
MinimumVisualStudioVersion = 10.0.40219.1
Project("{FAE04EC0-301F-11D3-BF4B-00C04F79EFBC}") = "test", "test\test.csproj", "{E480BAD5-A411-4FF4-8C2C-71C9AD10A99B}"
EndProject
Global
	GlobalSection(SolutionConfigurationPlatforms) = preSolution
		Debug|Any CPU = Debug|Any CPU
		Release|Any CPU = Release|Any CPU
	EndGlobalSection
	GlobalSection(ProjectConfigurationPlatforms) = postSolution
		{E480BAD5-A411-4FF4-8C2C-71C9AD10A99B}.Debug|Any CPU.ActiveCfg = Debug|Any CPU
		{E480BAD5-A411-4FF4-8C2C-71C9AD10A99B}.Debug|Any CPU.Build.0 = Debug|Any CPU
		{E480BAD5-A411-4FF4-8C2C-71C9AD10A99B}.Release|Any CPU.ActiveCfg = Release|Any CPU
		{E480BAD5-A411-4FF4-8C2C-71C9AD10A99B}.Release|Any CPU.Build.0 = Release|Any CPU
	EndGlobalSection
	GlobalSection(SolutionProperties) = preSolution
		HideSolutionNode = FALSE
	EndGlobalSection
	GlobalSection(ExtensibilityGlobals) = postSolution
		SolutionGuid = {0498C9D2-31FB-4A59-86E7-66EF17D3E152}
	EndGlobalSection
EndGlobal
