
Microsoft Visual Studio Solution File, Format Version 12.00
# Visual Studio Version 17
VisualStudioVersion = 17.9.34728.123
MinimumVisualStudioVersion = 10.0.40219.1
Project("{FAE04EC0-301F-11D3-BF4B-00C04F79EFBC}") = "PtaLesson07DF", "PtaLesson07DF\PtaLesson07DF.csproj", "{0184244C-BE2E-4F30-9085-1D679F74E2B4}"
EndProject
Global
	GlobalSection(SolutionConfigurationPlatforms) = preSolution
		Debug|Any CPU = Debug|Any CPU
		Release|Any CPU = Release|Any CPU
	EndGlobalSection
	GlobalSection(ProjectConfigurationPlatforms) = postSolution
		{0184244C-BE2E-4F30-9085-1D679F74E2B4}.Debug|Any CPU.ActiveCfg = Debug|Any CPU
		{0184244C-BE2E-4F30-9085-1D679F74E2B4}.Debug|Any CPU.Build.0 = Debug|Any CPU
		{0184244C-BE2E-4F30-9085-1D679F74E2B4}.Release|Any CPU.ActiveCfg = Release|Any CPU
		{0184244C-BE2E-4F30-9085-1D679F74E2B4}.Release|Any CPU.Build.0 = Release|Any CPU
	EndGlobalSection
	GlobalSection(SolutionProperties) = preSolution
		HideSolutionNode = FALSE
	EndGlobalSection
	GlobalSection(ExtensibilityGlobals) = postSolution
		SolutionGuid = {483B3AD3-6826-408B-B38C-7F2363EF9109}
	EndGlobalSection
EndGlobal
